// !$*UTF8*$!
{
	archiveVersion = 1;
	classes = {
	};
	objectVersion = 56;
	objects = {

/* Begin PBXBuildFile section */
		15C325789D47B616F3B195E7 /* Pods_MRangelEcommerce.framework in Frameworks */ = {isa = PBXBuildFile; fileRef = D3E9D4BAEF259F603912A9CB /* Pods_MRangelEcommerce.framework */; };
		F33109282970D691008C278E /* GoogleService-Info.plist in Resources */ = {isa = PBXBuildFile; fileRef = F33109272970D691008C278E /* GoogleService-Info.plist */; };
		F331092B2970DD79008C278E /* FirebaseAuth in Frameworks */ = {isa = PBXBuildFile; productRef = F331092A2970DD79008C278E /* FirebaseAuth */; };
		F331092E2970E463008C278E /* LoginViewController.swift in Sources */ = {isa = PBXBuildFile; fileRef = F331092D2970E463008C278E /* LoginViewController.swift */; };
		F33109322970EBBC008C278E /* SigninViewController.swift in Sources */ = {isa = PBXBuildFile; fileRef = F33109312970EBBC008C278E /* SigninViewController.swift */; };
		F34CA06029DCA1E700F6EE7C /* PDF2ViewController.swift in Sources */ = {isa = PBXBuildFile; fileRef = F34CA05F29DCA1E700F6EE7C /* PDF2ViewController.swift */; };
		F3600B2E296C86B2006AE0B0 /* GetAllUsuarioTableViewController.swift in Sources */ = {isa = PBXBuildFile; fileRef = F3600B2D296C86B2006AE0B0 /* GetAllUsuarioTableViewController.swift */; };
		F3600B31296C88D7006AE0B0 /* UsuarioTableViewCell.swift in Sources */ = {isa = PBXBuildFile; fileRef = F3600B2F296C88D7006AE0B0 /* UsuarioTableViewCell.swift */; };
		F3600B32296C88D7006AE0B0 /* UsuarioTableViewCell.xib in Resources */ = {isa = PBXBuildFile; fileRef = F3600B30296C88D7006AE0B0 /* UsuarioTableViewCell.xib */; };
		F360A856295CD0F600AC3CAA /* Producto.swift in Sources */ = {isa = PBXBuildFile; fileRef = F360A855295CD0F600AC3CAA /* Producto.swift */; };
		F360A858295CD10C00AC3CAA /* Result.swift in Sources */ = {isa = PBXBuildFile; fileRef = F360A857295CD10C00AC3CAA /* Result.swift */; };
		F360A85A295CD21900AC3CAA /* Area.swift in Sources */ = {isa = PBXBuildFile; fileRef = F360A859295CD21900AC3CAA /* Area.swift */; };
		F360A85C295CD22F00AC3CAA /* Proveedor.swift in Sources */ = {isa = PBXBuildFile; fileRef = F360A85B295CD22F00AC3CAA /* Proveedor.swift */; };
		F360A85E295CD23C00AC3CAA /* Departamento.swift in Sources */ = {isa = PBXBuildFile; fileRef = F360A85D295CD23C00AC3CAA /* Departamento.swift */; };
		F360A860295CD37300AC3CAA /* ProductoViewModel.swift in Sources */ = {isa = PBXBuildFile; fileRef = F360A85F295CD37300AC3CAA /* ProductoViewModel.swift */; };
		F368F39D2975B17B0072FE94 /* AreaViewModel.swift in Sources */ = {isa = PBXBuildFile; fileRef = F368F39C2975B17B0072FE94 /* AreaViewModel.swift */; };
		F368F3A12975B6E00072FE94 /* Ropa.jpeg in Resources */ = {isa = PBXBuildFile; fileRef = F368F3A02975B6E00072FE94 /* Ropa.jpeg */; };
		F368F3A42975C8C50072FE94 /* Calzado.jpeg in Resources */ = {isa = PBXBuildFile; fileRef = F368F3A32975C8C50072FE94 /* Calzado.jpeg */; };
		F3793162297705E30027D7F2 /* Linea Blanca.jpeg in Resources */ = {isa = PBXBuildFile; fileRef = F3793161297705E30027D7F2 /* Linea Blanca.jpeg */; };
		F379316A297726890027D7F2 /* MRangelEcommerceUITests.swift in Sources */ = {isa = PBXBuildFile; fileRef = F3793169297726890027D7F2 /* MRangelEcommerceUITests.swift */; };
		F379316C297726890027D7F2 /* MRangelEcommerceUITestsLaunchTests.swift in Sources */ = {isa = PBXBuildFile; fileRef = F379316B297726890027D7F2 /* MRangelEcommerceUITestsLaunchTests.swift */; };
		F3793179297726C30027D7F2 /* MRangelEcommerceTests.swift in Sources */ = {isa = PBXBuildFile; fileRef = F3793178297726C30027D7F2 /* MRangelEcommerceTests.swift */; };
		F37D446B2968A51D002EA3C0 /* DepaViewController.swift in Sources */ = {isa = PBXBuildFile; fileRef = F37D446A2968A51D002EA3C0 /* DepaViewController.swift */; };
		F37D446D2968C392002EA3C0 /* UsuarioViewModel.swift in Sources */ = {isa = PBXBuildFile; fileRef = F37D446C2968C392002EA3C0 /* UsuarioViewModel.swift */; };
		F37D446F2968C503002EA3C0 /* Usuario.swift in Sources */ = {isa = PBXBuildFile; fileRef = F37D446E2968C503002EA3C0 /* Usuario.swift */; };
		F37D44722968DB3C002EA3C0 /* UsuarioViewController.swift in Sources */ = {isa = PBXBuildFile; fileRef = F37D44712968DB3C002EA3C0 /* UsuarioViewController.swift */; };
		F3A3B7F62981B43100E0300E /* DetalleTableViewCell.swift in Sources */ = {isa = PBXBuildFile; fileRef = F3A3B7F42981B43100E0300E /* DetalleTableViewCell.swift */; };
		F3A3B7F72981B43100E0300E /* DetalleTableViewCell.xib in Resources */ = {isa = PBXBuildFile; fileRef = F3A3B7F52981B43100E0300E /* DetalleTableViewCell.xib */; };
		F3BB3F96295F49A1003B0091 /* GetAllTableViewController.swift in Sources */ = {isa = PBXBuildFile; fileRef = F3BB3F95295F49A1003B0091 /* GetAllTableViewController.swift */; };
		F3BB3F99295F4A87003B0091 /* ProductoTableViewCell.swift in Sources */ = {isa = PBXBuildFile; fileRef = F3BB3F97295F4A87003B0091 /* ProductoTableViewCell.swift */; };
		F3BB3F9A295F4A87003B0091 /* ProductoTableViewCell.xib in Resources */ = {isa = PBXBuildFile; fileRef = F3BB3F98295F4A87003B0091 /* ProductoTableViewCell.xib */; };
		F3BB3F9C295F821E003B0091 /* product.jpeg in Resources */ = {isa = PBXBuildFile; fileRef = F3BB3F9B295F821E003B0091 /* product.jpeg */; };
		F3BE0A5729DB74A4003E1966 /* PDFViewController.swift in Sources */ = {isa = PBXBuildFile; fileRef = F3BE0A5629DB74A4003E1966 /* PDFViewController.swift */; };
		F3BF1B13298068E500F76C78 /* MetodoPago.swift in Sources */ = {isa = PBXBuildFile; fileRef = F3BF1B12298068E500F76C78 /* MetodoPago.swift */; };
		F3BF1B152980693100F76C78 /* Venta.swift in Sources */ = {isa = PBXBuildFile; fileRef = F3BF1B142980693100F76C78 /* Venta.swift */; };
		F3BF1B1729806BE300F76C78 /* VentaProducto.swift in Sources */ = {isa = PBXBuildFile; fileRef = F3BF1B1629806BE300F76C78 /* VentaProducto.swift */; };
		F3BF1B19298070F300F76C78 /* VentaProductoViewModel.swift in Sources */ = {isa = PBXBuildFile; fileRef = F3BF1B18298070F300F76C78 /* VentaProductoViewModel.swift */; };
		F3C03F512982EEB3003253D7 /* CarritoTableViewCell.swift in Sources */ = {isa = PBXBuildFile; fileRef = F3C03F4F2982EEB3003253D7 /* CarritoTableViewCell.swift */; };
		F3C03F522982EEB3003253D7 /* CarritoTableViewCell.xib in Resources */ = {isa = PBXBuildFile; fileRef = F3C03F502982EEB3003253D7 /* CarritoTableViewCell.xib */; };
		F3C03F5429832E9B003253D7 /* CarritoViewController.swift in Sources */ = {isa = PBXBuildFile; fileRef = F3C03F5329832E9B003253D7 /* CarritoViewController.swift */; };
		F3C3D2622978718B00AC8460 /* ProductoCollectionViewController.swift in Sources */ = {isa = PBXBuildFile; fileRef = F3C3D2612978718B00AC8460 /* ProductoCollectionViewController.swift */; };
		F3C3D265297871CA00AC8460 /* ProductoCollectionViewCell.swift in Sources */ = {isa = PBXBuildFile; fileRef = F3C3D263297871CA00AC8460 /* ProductoCollectionViewCell.swift */; };
		F3C3D266297871CA00AC8460 /* ProductoCollectionViewCell.xib in Resources */ = {isa = PBXBuildFile; fileRef = F3C3D264297871CA00AC8460 /* ProductoCollectionViewCell.xib */; };
		F3C3D26C2978BE1300AC8460 /* BusquedaViewController.swift in Sources */ = {isa = PBXBuildFile; fileRef = F3C3D26B2978BE1300AC8460 /* BusquedaViewController.swift */; };
		F3C5471E2967647500CAEB45 /* DepartamentoTableViewCell.swift in Sources */ = {isa = PBXBuildFile; fileRef = F3C5471C2967647500CAEB45 /* DepartamentoTableViewCell.swift */; };
		F3C5471F2967647500CAEB45 /* DepartamentoTableViewCell.xib in Resources */ = {isa = PBXBuildFile; fileRef = F3C5471D2967647500CAEB45 /* DepartamentoTableViewCell.xib */; };
		F3C5472129676AC500CAEB45 /* DepartamentoViewModel.swift in Sources */ = {isa = PBXBuildFile; fileRef = F3C5472029676AC500CAEB45 /* DepartamentoViewModel.swift */; };
		F3C5472329676E4F00CAEB45 /* GetAllDepaTableViewController.swift in Sources */ = {isa = PBXBuildFile; fileRef = F3C5472229676E4F00CAEB45 /* GetAllDepaTableViewController.swift */; };
		F3CED66B297F11D3005133EB /* DetalleViewController.swift in Sources */ = {isa = PBXBuildFile; fileRef = F3CED66A297F11D3005133EB /* DetalleViewController.swift */; };
		F3CF77B52975FFDB00605F0F /* DepartamentoCollectionViewController.swift in Sources */ = {isa = PBXBuildFile; fileRef = F3CF77B42975FFDB00605F0F /* DepartamentoCollectionViewController.swift */; };
		F3D3980F2979F74E005A8806 /* FirebaseCrashlytics in Frameworks */ = {isa = PBXBuildFile; productRef = F3D3980E2979F74E005A8806 /* FirebaseCrashlytics */; };
		F3D398122979FE81005A8806 /* CrashViewController.swift in Sources */ = {isa = PBXBuildFile; fileRef = F3D398112979FE81005A8806 /* CrashViewController.swift */; };
		F3DFA45A2971DF70006C953E /* ProveedorViewModel.swift in Sources */ = {isa = PBXBuildFile; fileRef = F3DFA4592971DF70006C953E /* ProveedorViewModel.swift */; };
		F3DFA47D29722FB5006C953E /* AreaCollectionViewController.swift in Sources */ = {isa = PBXBuildFile; fileRef = F3DFA47C29722FB5006C953E /* AreaCollectionViewController.swift */; };
		F3DFA480297230D6006C953E /* AreaCollectionViewCell.swift in Sources */ = {isa = PBXBuildFile; fileRef = F3DFA47E297230D6006C953E /* AreaCollectionViewCell.swift */; };
		F3DFA481297230D6006C953E /* AreaCollectionViewCell.xib in Resources */ = {isa = PBXBuildFile; fileRef = F3DFA47F297230D6006C953E /* AreaCollectionViewCell.xib */; };
		F3E6EC31295BC2DB00C0CD18 /* AppDelegate.swift in Sources */ = {isa = PBXBuildFile; fileRef = F3E6EC30295BC2DB00C0CD18 /* AppDelegate.swift */; };
		F3E6EC33295BC2DB00C0CD18 /* SceneDelegate.swift in Sources */ = {isa = PBXBuildFile; fileRef = F3E6EC32295BC2DB00C0CD18 /* SceneDelegate.swift */; };
		F3E6EC35295BC2DB00C0CD18 /* ViewController.swift in Sources */ = {isa = PBXBuildFile; fileRef = F3E6EC34295BC2DB00C0CD18 /* ViewController.swift */; };
		F3E6EC38295BC2DB00C0CD18 /* Main.storyboard in Resources */ = {isa = PBXBuildFile; fileRef = F3E6EC36295BC2DB00C0CD18 /* Main.storyboard */; };
		F3E6EC3B295BC2DB00C0CD18 /* MRangelEcommerce.xcdatamodeld in Sources */ = {isa = PBXBuildFile; fileRef = F3E6EC39295BC2DB00C0CD18 /* MRangelEcommerce.xcdatamodeld */; };
		F3E6EC3D295BC2DC00C0CD18 /* Assets.xcassets in Resources */ = {isa = PBXBuildFile; fileRef = F3E6EC3C295BC2DC00C0CD18 /* Assets.xcassets */; };
		F3E6EC40295BC2DC00C0CD18 /* LaunchScreen.storyboard in Resources */ = {isa = PBXBuildFile; fileRef = F3E6EC3E295BC2DC00C0CD18 /* LaunchScreen.storyboard */; };
		F3E6EC4C295BC38F00C0CD18 /* DB.swift in Sources */ = {isa = PBXBuildFile; fileRef = F3E6EC4B295BC38F00C0CD18 /* DB.swift */; };
/* End PBXBuildFile section */

/* Begin PBXContainerItemProxy section */
		F379316D297726890027D7F2 /* PBXContainerItemProxy */ = {
			isa = PBXContainerItemProxy;
			containerPortal = F3E6EC25295BC2DB00C0CD18 /* Project object */;
			proxyType = 1;
			remoteGlobalIDString = F3E6EC2C295BC2DB00C0CD18;
			remoteInfo = MRangelEcommerce;
		};
		F379317A297726C30027D7F2 /* PBXContainerItemProxy */ = {
			isa = PBXContainerItemProxy;
			containerPortal = F3E6EC25295BC2DB00C0CD18 /* Project object */;
			proxyType = 1;
			remoteGlobalIDString = F3E6EC2C295BC2DB00C0CD18;
			remoteInfo = MRangelEcommerce;
		};
/* End PBXContainerItemProxy section */

/* Begin PBXFileReference section */
		1D7E34668F62AA08254847B7 /* Pods-MRangelEcommerce.debug.xcconfig */ = {isa = PBXFileReference; includeInIndex = 1; lastKnownFileType = text.xcconfig; name = "Pods-MRangelEcommerce.debug.xcconfig"; path = "Target Support Files/Pods-MRangelEcommerce/Pods-MRangelEcommerce.debug.xcconfig"; sourceTree = "<group>"; };
		BD4A42EF604324CAD10FBB98 /* Pods-MRangelEcommerce.release.xcconfig */ = {isa = PBXFileReference; includeInIndex = 1; lastKnownFileType = text.xcconfig; name = "Pods-MRangelEcommerce.release.xcconfig"; path = "Target Support Files/Pods-MRangelEcommerce/Pods-MRangelEcommerce.release.xcconfig"; sourceTree = "<group>"; };
		D3E9D4BAEF259F603912A9CB /* Pods_MRangelEcommerce.framework */ = {isa = PBXFileReference; explicitFileType = wrapper.framework; includeInIndex = 0; path = Pods_MRangelEcommerce.framework; sourceTree = BUILT_PRODUCTS_DIR; };
		F33109272970D691008C278E /* GoogleService-Info.plist */ = {isa = PBXFileReference; fileEncoding = 4; lastKnownFileType = text.plist.xml; path = "GoogleService-Info.plist"; sourceTree = "<group>"; };
		F331092D2970E463008C278E /* LoginViewController.swift */ = {isa = PBXFileReference; lastKnownFileType = sourcecode.swift; path = LoginViewController.swift; sourceTree = "<group>"; };
		F33109312970EBBC008C278E /* SigninViewController.swift */ = {isa = PBXFileReference; lastKnownFileType = sourcecode.swift; path = SigninViewController.swift; sourceTree = "<group>"; };
		F34CA05F29DCA1E700F6EE7C /* PDF2ViewController.swift */ = {isa = PBXFileReference; lastKnownFileType = sourcecode.swift; path = PDF2ViewController.swift; sourceTree = "<group>"; };
		F3600B2D296C86B2006AE0B0 /* GetAllUsuarioTableViewController.swift */ = {isa = PBXFileReference; lastKnownFileType = sourcecode.swift; path = GetAllUsuarioTableViewController.swift; sourceTree = "<group>"; };
		F3600B2F296C88D7006AE0B0 /* UsuarioTableViewCell.swift */ = {isa = PBXFileReference; lastKnownFileType = sourcecode.swift; path = UsuarioTableViewCell.swift; sourceTree = "<group>"; };
		F3600B30296C88D7006AE0B0 /* UsuarioTableViewCell.xib */ = {isa = PBXFileReference; lastKnownFileType = file.xib; path = UsuarioTableViewCell.xib; sourceTree = "<group>"; };
		F360A855295CD0F600AC3CAA /* Producto.swift */ = {isa = PBXFileReference; lastKnownFileType = sourcecode.swift; path = Producto.swift; sourceTree = "<group>"; };
		F360A857295CD10C00AC3CAA /* Result.swift */ = {isa = PBXFileReference; lastKnownFileType = sourcecode.swift; path = Result.swift; sourceTree = "<group>"; };
		F360A859295CD21900AC3CAA /* Area.swift */ = {isa = PBXFileReference; lastKnownFileType = sourcecode.swift; path = Area.swift; sourceTree = "<group>"; };
		F360A85B295CD22F00AC3CAA /* Proveedor.swift */ = {isa = PBXFileReference; lastKnownFileType = sourcecode.swift; path = Proveedor.swift; sourceTree = "<group>"; };
		F360A85D295CD23C00AC3CAA /* Departamento.swift */ = {isa = PBXFileReference; lastKnownFileType = sourcecode.swift; path = Departamento.swift; sourceTree = "<group>"; };
		F360A85F295CD37300AC3CAA /* ProductoViewModel.swift */ = {isa = PBXFileReference; lastKnownFileType = sourcecode.swift; path = ProductoViewModel.swift; sourceTree = "<group>"; };
		F368F39C2975B17B0072FE94 /* AreaViewModel.swift */ = {isa = PBXFileReference; lastKnownFileType = sourcecode.swift; path = AreaViewModel.swift; sourceTree = "<group>"; };
		F368F3A02975B6E00072FE94 /* Ropa.jpeg */ = {isa = PBXFileReference; lastKnownFileType = image.jpeg; path = Ropa.jpeg; sourceTree = "<group>"; };
		F368F3A32975C8C50072FE94 /* Calzado.jpeg */ = {isa = PBXFileReference; lastKnownFileType = image.jpeg; path = Calzado.jpeg; sourceTree = "<group>"; };
		F3793161297705E30027D7F2 /* Linea Blanca.jpeg */ = {isa = PBXFileReference; lastKnownFileType = image.jpeg; path = "Linea Blanca.jpeg"; sourceTree = "<group>"; };
		F3793167297726890027D7F2 /* MRangelEcommerceUITests.xctest */ = {isa = PBXFileReference; explicitFileType = wrapper.cfbundle; includeInIndex = 0; path = MRangelEcommerceUITests.xctest; sourceTree = BUILT_PRODUCTS_DIR; };
		F3793169297726890027D7F2 /* MRangelEcommerceUITests.swift */ = {isa = PBXFileReference; lastKnownFileType = sourcecode.swift; path = MRangelEcommerceUITests.swift; sourceTree = "<group>"; };
		F379316B297726890027D7F2 /* MRangelEcommerceUITestsLaunchTests.swift */ = {isa = PBXFileReference; lastKnownFileType = sourcecode.swift; path = MRangelEcommerceUITestsLaunchTests.swift; sourceTree = "<group>"; };
		F3793176297726C30027D7F2 /* MRangelEcommerceTests.xctest */ = {isa = PBXFileReference; explicitFileType = wrapper.cfbundle; includeInIndex = 0; path = MRangelEcommerceTests.xctest; sourceTree = BUILT_PRODUCTS_DIR; };
		F3793178297726C30027D7F2 /* MRangelEcommerceTests.swift */ = {isa = PBXFileReference; lastKnownFileType = sourcecode.swift; path = MRangelEcommerceTests.swift; sourceTree = "<group>"; };
		F379317F297728EC0027D7F2 /* FirebaseAuth.framework */ = {isa = PBXFileReference; explicitFileType = wrapper.framework; path = FirebaseAuth.framework; sourceTree = BUILT_PRODUCTS_DIR; };
		F3793181297729090027D7F2 /* FirebaseFirestore.framework */ = {isa = PBXFileReference; explicitFileType = wrapper.framework; path = FirebaseFirestore.framework; sourceTree = BUILT_PRODUCTS_DIR; };
		F37D446A2968A51D002EA3C0 /* DepaViewController.swift */ = {isa = PBXFileReference; lastKnownFileType = sourcecode.swift; path = DepaViewController.swift; sourceTree = "<group>"; };
		F37D446C2968C392002EA3C0 /* UsuarioViewModel.swift */ = {isa = PBXFileReference; lastKnownFileType = sourcecode.swift; path = UsuarioViewModel.swift; sourceTree = "<group>"; };
		F37D446E2968C503002EA3C0 /* Usuario.swift */ = {isa = PBXFileReference; lastKnownFileType = sourcecode.swift; path = Usuario.swift; sourceTree = "<group>"; };
		F37D44712968DB3C002EA3C0 /* UsuarioViewController.swift */ = {isa = PBXFileReference; lastKnownFileType = sourcecode.swift; path = UsuarioViewController.swift; sourceTree = "<group>"; };
		F3A3B7F42981B43100E0300E /* DetalleTableViewCell.swift */ = {isa = PBXFileReference; lastKnownFileType = sourcecode.swift; path = DetalleTableViewCell.swift; sourceTree = "<group>"; };
		F3A3B7F52981B43100E0300E /* DetalleTableViewCell.xib */ = {isa = PBXFileReference; lastKnownFileType = file.xib; path = DetalleTableViewCell.xib; sourceTree = "<group>"; };
		F3BB3F95295F49A1003B0091 /* GetAllTableViewController.swift */ = {isa = PBXFileReference; lastKnownFileType = sourcecode.swift; path = GetAllTableViewController.swift; sourceTree = "<group>"; };
		F3BB3F97295F4A87003B0091 /* ProductoTableViewCell.swift */ = {isa = PBXFileReference; lastKnownFileType = sourcecode.swift; path = ProductoTableViewCell.swift; sourceTree = "<group>"; };
		F3BB3F98295F4A87003B0091 /* ProductoTableViewCell.xib */ = {isa = PBXFileReference; lastKnownFileType = file.xib; path = ProductoTableViewCell.xib; sourceTree = "<group>"; };
		F3BB3F9B295F821E003B0091 /* product.jpeg */ = {isa = PBXFileReference; lastKnownFileType = image.jpeg; path = product.jpeg; sourceTree = "<group>"; };
		F3BE0A5629DB74A4003E1966 /* PDFViewController.swift */ = {isa = PBXFileReference; lastKnownFileType = sourcecode.swift; path = PDFViewController.swift; sourceTree = "<group>"; };
		F3BF1B12298068E500F76C78 /* MetodoPago.swift */ = {isa = PBXFileReference; lastKnownFileType = sourcecode.swift; path = MetodoPago.swift; sourceTree = "<group>"; };
		F3BF1B142980693100F76C78 /* Venta.swift */ = {isa = PBXFileReference; lastKnownFileType = sourcecode.swift; path = Venta.swift; sourceTree = "<group>"; };
		F3BF1B1629806BE300F76C78 /* VentaProducto.swift */ = {isa = PBXFileReference; lastKnownFileType = sourcecode.swift; path = VentaProducto.swift; sourceTree = "<group>"; };
		F3BF1B18298070F300F76C78 /* VentaProductoViewModel.swift */ = {isa = PBXFileReference; lastKnownFileType = sourcecode.swift; path = VentaProductoViewModel.swift; sourceTree = "<group>"; };
		F3C03F4F2982EEB3003253D7 /* CarritoTableViewCell.swift */ = {isa = PBXFileReference; lastKnownFileType = sourcecode.swift; path = CarritoTableViewCell.swift; sourceTree = "<group>"; };
		F3C03F502982EEB3003253D7 /* CarritoTableViewCell.xib */ = {isa = PBXFileReference; lastKnownFileType = file.xib; path = CarritoTableViewCell.xib; sourceTree = "<group>"; };
		F3C03F5329832E9B003253D7 /* CarritoViewController.swift */ = {isa = PBXFileReference; lastKnownFileType = sourcecode.swift; path = CarritoViewController.swift; sourceTree = "<group>"; };
		F3C3D2612978718B00AC8460 /* ProductoCollectionViewController.swift */ = {isa = PBXFileReference; lastKnownFileType = sourcecode.swift; path = ProductoCollectionViewController.swift; sourceTree = "<group>"; };
		F3C3D263297871CA00AC8460 /* ProductoCollectionViewCell.swift */ = {isa = PBXFileReference; lastKnownFileType = sourcecode.swift; path = ProductoCollectionViewCell.swift; sourceTree = "<group>"; };
		F3C3D264297871CA00AC8460 /* ProductoCollectionViewCell.xib */ = {isa = PBXFileReference; lastKnownFileType = file.xib; path = ProductoCollectionViewCell.xib; sourceTree = "<group>"; };
		F3C3D26B2978BE1300AC8460 /* BusquedaViewController.swift */ = {isa = PBXFileReference; lastKnownFileType = sourcecode.swift; path = BusquedaViewController.swift; sourceTree = "<group>"; };
		F3C5471C2967647500CAEB45 /* DepartamentoTableViewCell.swift */ = {isa = PBXFileReference; lastKnownFileType = sourcecode.swift; path = DepartamentoTableViewCell.swift; sourceTree = "<group>"; };
		F3C5471D2967647500CAEB45 /* DepartamentoTableViewCell.xib */ = {isa = PBXFileReference; lastKnownFileType = file.xib; path = DepartamentoTableViewCell.xib; sourceTree = "<group>"; };
		F3C5472029676AC500CAEB45 /* DepartamentoViewModel.swift */ = {isa = PBXFileReference; lastKnownFileType = sourcecode.swift; path = DepartamentoViewModel.swift; sourceTree = "<group>"; };
		F3C5472229676E4F00CAEB45 /* GetAllDepaTableViewController.swift */ = {isa = PBXFileReference; lastKnownFileType = sourcecode.swift; path = GetAllDepaTableViewController.swift; sourceTree = "<group>"; };
		F3CED66A297F11D3005133EB /* DetalleViewController.swift */ = {isa = PBXFileReference; lastKnownFileType = sourcecode.swift; path = DetalleViewController.swift; sourceTree = "<group>"; };
		F3CF77B42975FFDB00605F0F /* DepartamentoCollectionViewController.swift */ = {isa = PBXFileReference; lastKnownFileType = sourcecode.swift; path = DepartamentoCollectionViewController.swift; sourceTree = "<group>"; };
		F3D398112979FE81005A8806 /* CrashViewController.swift */ = {isa = PBXFileReference; lastKnownFileType = sourcecode.swift; path = CrashViewController.swift; sourceTree = "<group>"; };
		F3DFA4592971DF70006C953E /* ProveedorViewModel.swift */ = {isa = PBXFileReference; lastKnownFileType = sourcecode.swift; path = ProveedorViewModel.swift; sourceTree = "<group>"; };
		F3DFA47C29722FB5006C953E /* AreaCollectionViewController.swift */ = {isa = PBXFileReference; lastKnownFileType = sourcecode.swift; path = AreaCollectionViewController.swift; sourceTree = "<group>"; };
		F3DFA47E297230D6006C953E /* AreaCollectionViewCell.swift */ = {isa = PBXFileReference; lastKnownFileType = sourcecode.swift; path = AreaCollectionViewCell.swift; sourceTree = "<group>"; };
		F3DFA47F297230D6006C953E /* AreaCollectionViewCell.xib */ = {isa = PBXFileReference; lastKnownFileType = file.xib; path = AreaCollectionViewCell.xib; sourceTree = "<group>"; };
		F3E6EC2D295BC2DB00C0CD18 /* MRangelEcommerce.app */ = {isa = PBXFileReference; explicitFileType = wrapper.application; includeInIndex = 0; path = MRangelEcommerce.app; sourceTree = BUILT_PRODUCTS_DIR; };
		F3E6EC30295BC2DB00C0CD18 /* AppDelegate.swift */ = {isa = PBXFileReference; lastKnownFileType = sourcecode.swift; path = AppDelegate.swift; sourceTree = "<group>"; };
		F3E6EC32295BC2DB00C0CD18 /* SceneDelegate.swift */ = {isa = PBXFileReference; lastKnownFileType = sourcecode.swift; path = SceneDelegate.swift; sourceTree = "<group>"; };
		F3E6EC34295BC2DB00C0CD18 /* ViewController.swift */ = {isa = PBXFileReference; lastKnownFileType = sourcecode.swift; path = ViewController.swift; sourceTree = "<group>"; };
		F3E6EC37295BC2DB00C0CD18 /* Base */ = {isa = PBXFileReference; lastKnownFileType = file.storyboard; name = Base; path = Base.lproj/Main.storyboard; sourceTree = "<group>"; };
		F3E6EC3A295BC2DB00C0CD18 /* MRangelEcommerce.xcdatamodel */ = {isa = PBXFileReference; lastKnownFileType = wrapper.xcdatamodel; path = MRangelEcommerce.xcdatamodel; sourceTree = "<group>"; };
		F3E6EC3C295BC2DC00C0CD18 /* Assets.xcassets */ = {isa = PBXFileReference; lastKnownFileType = folder.assetcatalog; path = Assets.xcassets; sourceTree = "<group>"; };
		F3E6EC3F295BC2DC00C0CD18 /* Base */ = {isa = PBXFileReference; lastKnownFileType = file.storyboard; name = Base; path = Base.lproj/LaunchScreen.storyboard; sourceTree = "<group>"; };
		F3E6EC41295BC2DC00C0CD18 /* Info.plist */ = {isa = PBXFileReference; lastKnownFileType = text.plist.xml; path = Info.plist; sourceTree = "<group>"; };
		F3E6EC4B295BC38F00C0CD18 /* DB.swift */ = {isa = PBXFileReference; lastKnownFileType = sourcecode.swift; path = DB.swift; sourceTree = "<group>"; };
/* End PBXFileReference section */

/* Begin PBXFrameworksBuildPhase section */
		F3793164297726890027D7F2 /* Frameworks */ = {
			isa = PBXFrameworksBuildPhase;
			buildActionMask = 2147483647;
			files = (
			);
			runOnlyForDeploymentPostprocessing = 0;
		};
		F3793173297726C30027D7F2 /* Frameworks */ = {
			isa = PBXFrameworksBuildPhase;
			buildActionMask = 2147483647;
			files = (
			);
			runOnlyForDeploymentPostprocessing = 0;
		};
		F3E6EC2A295BC2DB00C0CD18 /* Frameworks */ = {
			isa = PBXFrameworksBuildPhase;
			buildActionMask = 2147483647;
			files = (
				F3D3980F2979F74E005A8806 /* FirebaseCrashlytics in Frameworks */,
				15C325789D47B616F3B195E7 /* Pods_MRangelEcommerce.framework in Frameworks */,
				F331092B2970DD79008C278E /* FirebaseAuth in Frameworks */,
			);
			runOnlyForDeploymentPostprocessing = 0;
		};
/* End PBXFrameworksBuildPhase section */

/* Begin PBXGroup section */
		22A330085F9EE8EEE30D0434 /* Pods */ = {
			isa = PBXGroup;
			children = (
				1D7E34668F62AA08254847B7 /* Pods-MRangelEcommerce.debug.xcconfig */,
				BD4A42EF604324CAD10FBB98 /* Pods-MRangelEcommerce.release.xcconfig */,
			);
			path = Pods;
			sourceTree = "<group>";
		};
		E56FFA960791D52F1F961942 /* Frameworks */ = {
			isa = PBXGroup;
			children = (
				F3793181297729090027D7F2 /* FirebaseFirestore.framework */,
				F379317F297728EC0027D7F2 /* FirebaseAuth.framework */,
				D3E9D4BAEF259F603912A9CB /* Pods_MRangelEcommerce.framework */,
			);
			name = Frameworks;
			sourceTree = "<group>";
		};
		F331092C2970E441008C278E /* Login */ = {
			isa = PBXGroup;
			children = (
				F331092D2970E463008C278E /* LoginViewController.swift */,
				F33109312970EBBC008C278E /* SigninViewController.swift */,
			);
			path = Login;
			sourceTree = "<group>";
		};
		F3793168297726890027D7F2 /* MRangelEcommerceUITests */ = {
			isa = PBXGroup;
			children = (
				F3793169297726890027D7F2 /* MRangelEcommerceUITests.swift */,
				F379316B297726890027D7F2 /* MRangelEcommerceUITestsLaunchTests.swift */,
			);
			path = MRangelEcommerceUITests;
			sourceTree = "<group>";
		};
		F3793177297726C30027D7F2 /* MRangelEcommerceTests */ = {
			isa = PBXGroup;
			children = (
				F3793178297726C30027D7F2 /* MRangelEcommerceTests.swift */,
			);
			path = MRangelEcommerceTests;
			sourceTree = "<group>";
		};
		F37D44702968DB10002EA3C0 /* Usuario */ = {
			isa = PBXGroup;
			children = (
				F37D44712968DB3C002EA3C0 /* UsuarioViewController.swift */,
				F3600B2D296C86B2006AE0B0 /* GetAllUsuarioTableViewController.swift */,
				F3600B2F296C88D7006AE0B0 /* UsuarioTableViewCell.swift */,
				F3600B30296C88D7006AE0B0 /* UsuarioTableViewCell.xib */,
			);
			path = Usuario;
			sourceTree = "<group>";
		};
		F3DFA47B29722EDB006C953E /* Ventas */ = {
			isa = PBXGroup;
			children = (
				F3DFA47C29722FB5006C953E /* AreaCollectionViewController.swift */,
				F3DFA47E297230D6006C953E /* AreaCollectionViewCell.swift */,
				F3DFA47F297230D6006C953E /* AreaCollectionViewCell.xib */,
				F3CF77B42975FFDB00605F0F /* DepartamentoCollectionViewController.swift */,
				F3C3D2612978718B00AC8460 /* ProductoCollectionViewController.swift */,
				F3C3D263297871CA00AC8460 /* ProductoCollectionViewCell.swift */,
				F3C3D264297871CA00AC8460 /* ProductoCollectionViewCell.xib */,
				F3C3D26B2978BE1300AC8460 /* BusquedaViewController.swift */,
				F3CED66A297F11D3005133EB /* DetalleViewController.swift */,
				F3A3B7F42981B43100E0300E /* DetalleTableViewCell.swift */,
				F3A3B7F52981B43100E0300E /* DetalleTableViewCell.xib */,
				F3C03F4F2982EEB3003253D7 /* CarritoTableViewCell.swift */,
				F3C03F502982EEB3003253D7 /* CarritoTableViewCell.xib */,
				F3C03F5329832E9B003253D7 /* CarritoViewController.swift */,
			);
			path = Ventas;
			sourceTree = "<group>";
		};
		F3E6EC24295BC2DB00C0CD18 = {
			isa = PBXGroup;
			children = (
				F33109272970D691008C278E /* GoogleService-Info.plist */,
				F3E6EC2F295BC2DB00C0CD18 /* MRangelEcommerce */,
				F3793168297726890027D7F2 /* MRangelEcommerceUITests */,
				F3793177297726C30027D7F2 /* MRangelEcommerceTests */,
				F3E6EC2E295BC2DB00C0CD18 /* Products */,
				22A330085F9EE8EEE30D0434 /* Pods */,
				E56FFA960791D52F1F961942 /* Frameworks */,
			);
			sourceTree = "<group>";
		};
		F3E6EC2E295BC2DB00C0CD18 /* Products */ = {
			isa = PBXGroup;
			children = (
				F3E6EC2D295BC2DB00C0CD18 /* MRangelEcommerce.app */,
				F3793167297726890027D7F2 /* MRangelEcommerceUITests.xctest */,
				F3793176297726C30027D7F2 /* MRangelEcommerceTests.xctest */,
			);
			name = Products;
			sourceTree = "<group>";
		};
		F3E6EC2F295BC2DB00C0CD18 /* MRangelEcommerce */ = {
			isa = PBXGroup;
			children = (
				F3E6EC47295BC30400C0CD18 /* Model */,
				F3E6EC49295BC31D00C0CD18 /* View */,
				F3E6EC48295BC31000C0CD18 /* ViewModel */,
				F3E6EC4A295BC32A00C0CD18 /* Controller */,
				F3E6EC30295BC2DB00C0CD18 /* AppDelegate.swift */,
				F3E6EC32295BC2DB00C0CD18 /* SceneDelegate.swift */,
				F3E6EC34295BC2DB00C0CD18 /* ViewController.swift */,
				F3E6EC3C295BC2DC00C0CD18 /* Assets.xcassets */,
				F3E6EC3E295BC2DC00C0CD18 /* LaunchScreen.storyboard */,
				F3E6EC41295BC2DC00C0CD18 /* Info.plist */,
				F3E6EC39295BC2DB00C0CD18 /* MRangelEcommerce.xcdatamodeld */,
				F3BB3F9B295F821E003B0091 /* product.jpeg */,
				F3793161297705E30027D7F2 /* Linea Blanca.jpeg */,
				F368F3A02975B6E00072FE94 /* Ropa.jpeg */,
				F368F3A32975C8C50072FE94 /* Calzado.jpeg */,
				F3D398112979FE81005A8806 /* CrashViewController.swift */,
			);
			path = MRangelEcommerce;
			sourceTree = "<group>";
		};
		F3E6EC47295BC30400C0CD18 /* Model */ = {
			isa = PBXGroup;
			children = (
				F360A855295CD0F600AC3CAA /* Producto.swift */,
				F360A857295CD10C00AC3CAA /* Result.swift */,
				F360A859295CD21900AC3CAA /* Area.swift */,
				F360A85B295CD22F00AC3CAA /* Proveedor.swift */,
				F360A85D295CD23C00AC3CAA /* Departamento.swift */,
				F37D446E2968C503002EA3C0 /* Usuario.swift */,
				F3BF1B12298068E500F76C78 /* MetodoPago.swift */,
				F3BF1B142980693100F76C78 /* Venta.swift */,
				F3BF1B1629806BE300F76C78 /* VentaProducto.swift */,
			);
			path = Model;
			sourceTree = "<group>";
		};
		F3E6EC48295BC31000C0CD18 /* ViewModel */ = {
			isa = PBXGroup;
			children = (
				F3E6EC4B295BC38F00C0CD18 /* DB.swift */,
				F360A85F295CD37300AC3CAA /* ProductoViewModel.swift */,
				F3C5472029676AC500CAEB45 /* DepartamentoViewModel.swift */,
				F37D446C2968C392002EA3C0 /* UsuarioViewModel.swift */,
				F3DFA4592971DF70006C953E /* ProveedorViewModel.swift */,
				F368F39C2975B17B0072FE94 /* AreaViewModel.swift */,
				F3BF1B18298070F300F76C78 /* VentaProductoViewModel.swift */,
			);
			path = ViewModel;
			sourceTree = "<group>";
		};
		F3E6EC49295BC31D00C0CD18 /* View */ = {
			isa = PBXGroup;
			children = (
				F3E6EC36295BC2DB00C0CD18 /* Main.storyboard */,
			);
			path = View;
			sourceTree = "<group>";
		};
		F3E6EC4A295BC32A00C0CD18 /* Controller */ = {
			isa = PBXGroup;
			children = (
				F3DFA47B29722EDB006C953E /* Ventas */,
				F331092C2970E441008C278E /* Login */,
				F37D44702968DB10002EA3C0 /* Usuario */,
				F3BB3F95295F49A1003B0091 /* GetAllTableViewController.swift */,
				F3BB3F97295F4A87003B0091 /* ProductoTableViewCell.swift */,
				F3BB3F98295F4A87003B0091 /* ProductoTableViewCell.xib */,
				F3C5471C2967647500CAEB45 /* DepartamentoTableViewCell.swift */,
				F3C5471D2967647500CAEB45 /* DepartamentoTableViewCell.xib */,
				F3C5472229676E4F00CAEB45 /* GetAllDepaTableViewController.swift */,
				F37D446A2968A51D002EA3C0 /* DepaViewController.swift */,
				F3BE0A5629DB74A4003E1966 /* PDFViewController.swift */,
				F34CA05F29DCA1E700F6EE7C /* PDF2ViewController.swift */,
			);
			path = Controller;
			sourceTree = "<group>";
		};
/* End PBXGroup section */

/* Begin PBXNativeTarget section */
		F3793166297726890027D7F2 /* MRangelEcommerceUITests */ = {
			isa = PBXNativeTarget;
			buildConfigurationList = F379316F297726890027D7F2 /* Build configuration list for PBXNativeTarget "MRangelEcommerceUITests" */;
			buildPhases = (
				F3793163297726890027D7F2 /* Sources */,
				F3793164297726890027D7F2 /* Frameworks */,
				F3793165297726890027D7F2 /* Resources */,
			);
			buildRules = (
			);
			dependencies = (
				F379316E297726890027D7F2 /* PBXTargetDependency */,
			);
			name = MRangelEcommerceUITests;
			productName = MRangelEcommerceUITests;
			productReference = F3793167297726890027D7F2 /* MRangelEcommerceUITests.xctest */;
			productType = "com.apple.product-type.bundle.ui-testing";
		};
		F3793175297726C30027D7F2 /* MRangelEcommerceTests */ = {
			isa = PBXNativeTarget;
			buildConfigurationList = F379317C297726C30027D7F2 /* Build configuration list for PBXNativeTarget "MRangelEcommerceTests" */;
			buildPhases = (
				F3793172297726C30027D7F2 /* Sources */,
				F3793173297726C30027D7F2 /* Frameworks */,
				F3793174297726C30027D7F2 /* Resources */,
			);
			buildRules = (
			);
			dependencies = (
				F379317B297726C30027D7F2 /* PBXTargetDependency */,
			);
			name = MRangelEcommerceTests;
			productName = MRangelEcommerceTests;
			productReference = F3793176297726C30027D7F2 /* MRangelEcommerceTests.xctest */;
			productType = "com.apple.product-type.bundle.unit-test";
		};
		F3E6EC2C295BC2DB00C0CD18 /* MRangelEcommerce */ = {
			isa = PBXNativeTarget;
			buildConfigurationList = F3E6EC44295BC2DC00C0CD18 /* Build configuration list for PBXNativeTarget "MRangelEcommerce" */;
			buildPhases = (
				28C9AC12BBFA855057AA77B9 /* [CP] Check Pods Manifest.lock */,
				F3E6EC29295BC2DB00C0CD18 /* Sources */,
				F3E6EC2A295BC2DB00C0CD18 /* Frameworks */,
				F3E6EC2B295BC2DB00C0CD18 /* Resources */,
				0472E0A9E6AEC387DD667521 /* [CP] Embed Pods Frameworks */,
				F3D398102979FCE1005A8806 /* ShellScript */,
			);
			buildRules = (
			);
			dependencies = (
			);
			name = MRangelEcommerce;
			packageProductDependencies = (
				F331092A2970DD79008C278E /* FirebaseAuth */,
				F3D3980E2979F74E005A8806 /* FirebaseCrashlytics */,
			);
			productName = MRangelEcommerce;
			productReference = F3E6EC2D295BC2DB00C0CD18 /* MRangelEcommerce.app */;
			productType = "com.apple.product-type.application";
		};
/* End PBXNativeTarget section */

/* Begin PBXProject section */
		F3E6EC25295BC2DB00C0CD18 /* Project object */ = {
			isa = PBXProject;
			attributes = {
				BuildIndependentTargetsInParallel = 1;
				LastSwiftUpdateCheck = 1400;
				LastUpgradeCheck = 1400;
				TargetAttributes = {
					F3793166297726890027D7F2 = {
						CreatedOnToolsVersion = 14.0.1;
						TestTargetID = F3E6EC2C295BC2DB00C0CD18;
					};
					F3793175297726C30027D7F2 = {
						CreatedOnToolsVersion = 14.0.1;
						TestTargetID = F3E6EC2C295BC2DB00C0CD18;
					};
					F3E6EC2C295BC2DB00C0CD18 = {
						CreatedOnToolsVersion = 14.0.1;
					};
				};
			};
			buildConfigurationList = F3E6EC28295BC2DB00C0CD18 /* Build configuration list for PBXProject "MRangelEcommerce" */;
			compatibilityVersion = "Xcode 14.0";
			developmentRegion = en;
			hasScannedForEncodings = 0;
			knownRegions = (
				en,
				Base,
			);
			mainGroup = F3E6EC24295BC2DB00C0CD18;
			packageReferences = (
				F33109292970DD79008C278E /* XCRemoteSwiftPackageReference "firebase-ios-sdk" */,
			);
			productRefGroup = F3E6EC2E295BC2DB00C0CD18 /* Products */;
			projectDirPath = "";
			projectRoot = "";
			targets = (
				F3E6EC2C295BC2DB00C0CD18 /* MRangelEcommerce */,
				F3793166297726890027D7F2 /* MRangelEcommerceUITests */,
				F3793175297726C30027D7F2 /* MRangelEcommerceTests */,
			);
		};
/* End PBXProject section */

/* Begin PBXResourcesBuildPhase section */
		F3793165297726890027D7F2 /* Resources */ = {
			isa = PBXResourcesBuildPhase;
			buildActionMask = 2147483647;
			files = (
			);
			runOnlyForDeploymentPostprocessing = 0;
		};
		F3793174297726C30027D7F2 /* Resources */ = {
			isa = PBXResourcesBuildPhase;
			buildActionMask = 2147483647;
			files = (
			);
			runOnlyForDeploymentPostprocessing = 0;
		};
		F3E6EC2B295BC2DB00C0CD18 /* Resources */ = {
			isa = PBXResourcesBuildPhase;
			buildActionMask = 2147483647;
			files = (
				F3E6EC40295BC2DC00C0CD18 /* LaunchScreen.storyboard in Resources */,
				F368F3A12975B6E00072FE94 /* Ropa.jpeg in Resources */,
				F33109282970D691008C278E /* GoogleService-Info.plist in Resources */,
				F3793162297705E30027D7F2 /* Linea Blanca.jpeg in Resources */,
				F3600B32296C88D7006AE0B0 /* UsuarioTableViewCell.xib in Resources */,
				F3BB3F9C295F821E003B0091 /* product.jpeg in Resources */,
				F3BB3F9A295F4A87003B0091 /* ProductoTableViewCell.xib in Resources */,
				F3C5471F2967647500CAEB45 /* DepartamentoTableViewCell.xib in Resources */,
				F3E6EC3D295BC2DC00C0CD18 /* Assets.xcassets in Resources */,
				F3DFA481297230D6006C953E /* AreaCollectionViewCell.xib in Resources */,
				F3C03F522982EEB3003253D7 /* CarritoTableViewCell.xib in Resources */,
				F368F3A42975C8C50072FE94 /* Calzado.jpeg in Resources */,
				F3C3D266297871CA00AC8460 /* ProductoCollectionViewCell.xib in Resources */,
				F3E6EC38295BC2DB00C0CD18 /* Main.storyboard in Resources */,
				F3A3B7F72981B43100E0300E /* DetalleTableViewCell.xib in Resources */,
			);
			runOnlyForDeploymentPostprocessing = 0;
		};
/* End PBXResourcesBuildPhase section */

/* Begin PBXShellScriptBuildPhase section */
		0472E0A9E6AEC387DD667521 /* [CP] Embed Pods Frameworks */ = {
			isa = PBXShellScriptBuildPhase;
			buildActionMask = 2147483647;
			files = (
			);
			inputFileListPaths = (
				"${PODS_ROOT}/Target Support Files/Pods-MRangelEcommerce/Pods-MRangelEcommerce-frameworks-${CONFIGURATION}-input-files.xcfilelist",
			);
			name = "[CP] Embed Pods Frameworks";
			outputFileListPaths = (
				"${PODS_ROOT}/Target Support Files/Pods-MRangelEcommerce/Pods-MRangelEcommerce-frameworks-${CONFIGURATION}-output-files.xcfilelist",
			);
			runOnlyForDeploymentPostprocessing = 0;
			shellPath = /bin/sh;
			shellScript = "\"${PODS_ROOT}/Target Support Files/Pods-MRangelEcommerce/Pods-MRangelEcommerce-frameworks.sh\"\n";
			showEnvVarsInLog = 0;
		};
		28C9AC12BBFA855057AA77B9 /* [CP] Check Pods Manifest.lock */ = {
			isa = PBXShellScriptBuildPhase;
			buildActionMask = 2147483647;
			files = (
			);
			inputFileListPaths = (
			);
			inputPaths = (
				"${PODS_PODFILE_DIR_PATH}/Podfile.lock",
				"${PODS_ROOT}/Manifest.lock",
			);
			name = "[CP] Check Pods Manifest.lock";
			outputFileListPaths = (
			);
			outputPaths = (
				"$(DERIVED_FILE_DIR)/Pods-MRangelEcommerce-checkManifestLockResult.txt",
			);
			runOnlyForDeploymentPostprocessing = 0;
			shellPath = /bin/sh;
			shellScript = "diff \"${PODS_PODFILE_DIR_PATH}/Podfile.lock\" \"${PODS_ROOT}/Manifest.lock\" > /dev/null\nif [ $? != 0 ] ; then\n    # print error to STDERR\n    echo \"error: The sandbox is not in sync with the Podfile.lock. Run 'pod install' or update your CocoaPods installation.\" >&2\n    exit 1\nfi\n# This output is used by Xcode 'outputs' to avoid re-running this script phase.\necho \"SUCCESS\" > \"${SCRIPT_OUTPUT_FILE_0}\"\n";
			showEnvVarsInLog = 0;
		};
		F3D398102979FCE1005A8806 /* ShellScript */ = {
			isa = PBXShellScriptBuildPhase;
			buildActionMask = 2147483647;
			files = (
			);
			inputFileListPaths = (
			);
			inputPaths = (
				"${DWARF_DSYM_FOLDER_PATH}/${DWARF_DSYM_FILE_NAME}/Contents/Resources/DWARF/${TARGET_NAME}",
				"$(SRCROOT)/$(BUILT_PRODUCTS_DIR)/$(INFOPLIST_PATH)",
			);
			outputFileListPaths = (
			);
			outputPaths = (
			);
			runOnlyForDeploymentPostprocessing = 0;
			shellPath = /bin/sh;
			shellScript = "\"${BUILD_DIR%/Build/*}/SourcePackages/checkouts/firebase-ios-sdk/Crashlytics/run\"\n";
		};
/* End PBXShellScriptBuildPhase section */

/* Begin PBXSourcesBuildPhase section */
		F3793163297726890027D7F2 /* Sources */ = {
			isa = PBXSourcesBuildPhase;
			buildActionMask = 2147483647;
			files = (
				F379316C297726890027D7F2 /* MRangelEcommerceUITestsLaunchTests.swift in Sources */,
				F379316A297726890027D7F2 /* MRangelEcommerceUITests.swift in Sources */,
			);
			runOnlyForDeploymentPostprocessing = 0;
		};
		F3793172297726C30027D7F2 /* Sources */ = {
			isa = PBXSourcesBuildPhase;
			buildActionMask = 2147483647;
			files = (
				F3793179297726C30027D7F2 /* MRangelEcommerceTests.swift in Sources */,
			);
			runOnlyForDeploymentPostprocessing = 0;
		};
		F3E6EC29295BC2DB00C0CD18 /* Sources */ = {
			isa = PBXSourcesBuildPhase;
			buildActionMask = 2147483647;
			files = (
				F3600B31296C88D7006AE0B0 /* UsuarioTableViewCell.swift in Sources */,
				F3E6EC35295BC2DB00C0CD18 /* ViewController.swift in Sources */,
				F3C5471E2967647500CAEB45 /* DepartamentoTableViewCell.swift in Sources */,
				F3DFA45A2971DF70006C953E /* ProveedorViewModel.swift in Sources */,
				F331092E2970E463008C278E /* LoginViewController.swift in Sources */,
				F3DFA47D29722FB5006C953E /* AreaCollectionViewController.swift in Sources */,
				F3E6EC31295BC2DB00C0CD18 /* AppDelegate.swift in Sources */,
				F37D446B2968A51D002EA3C0 /* DepaViewController.swift in Sources */,
				F3E6EC33295BC2DB00C0CD18 /* SceneDelegate.swift in Sources */,
				F360A85E295CD23C00AC3CAA /* Departamento.swift in Sources */,
				F360A856295CD0F600AC3CAA /* Producto.swift in Sources */,
				F360A858295CD10C00AC3CAA /* Result.swift in Sources */,
				F37D446F2968C503002EA3C0 /* Usuario.swift in Sources */,
				F3C3D265297871CA00AC8460 /* ProductoCollectionViewCell.swift in Sources */,
				F34CA06029DCA1E700F6EE7C /* PDF2ViewController.swift in Sources */,
				F3BB3F96295F49A1003B0091 /* GetAllTableViewController.swift in Sources */,
				F3C5472329676E4F00CAEB45 /* GetAllDepaTableViewController.swift in Sources */,
				F3BF1B152980693100F76C78 /* Venta.swift in Sources */,
				F3C3D26C2978BE1300AC8460 /* BusquedaViewController.swift in Sources */,
				F3E6EC4C295BC38F00C0CD18 /* DB.swift in Sources */,
				F3C03F5429832E9B003253D7 /* CarritoViewController.swift in Sources */,
				F3CF77B52975FFDB00605F0F /* DepartamentoCollectionViewController.swift in Sources */,
				F3BF1B13298068E500F76C78 /* MetodoPago.swift in Sources */,
				F3600B2E296C86B2006AE0B0 /* GetAllUsuarioTableViewController.swift in Sources */,
				F360A85A295CD21900AC3CAA /* Area.swift in Sources */,
				F360A85C295CD22F00AC3CAA /* Proveedor.swift in Sources */,
				F3D398122979FE81005A8806 /* CrashViewController.swift in Sources */,
				F3C3D2622978718B00AC8460 /* ProductoCollectionViewController.swift in Sources */,
				F3CED66B297F11D3005133EB /* DetalleViewController.swift in Sources */,
				F368F39D2975B17B0072FE94 /* AreaViewModel.swift in Sources */,
				F3C03F512982EEB3003253D7 /* CarritoTableViewCell.swift in Sources */,
				F3BE0A5729DB74A4003E1966 /* PDFViewController.swift in Sources */,
				F3BB3F99295F4A87003B0091 /* ProductoTableViewCell.swift in Sources */,
				F3BF1B1729806BE300F76C78 /* VentaProducto.swift in Sources */,
				F3A3B7F62981B43100E0300E /* DetalleTableViewCell.swift in Sources */,
				F360A860295CD37300AC3CAA /* ProductoViewModel.swift in Sources */,
				F37D446D2968C392002EA3C0 /* UsuarioViewModel.swift in Sources */,
				F33109322970EBBC008C278E /* SigninViewController.swift in Sources */,
				F37D44722968DB3C002EA3C0 /* UsuarioViewController.swift in Sources */,
				F3DFA480297230D6006C953E /* AreaCollectionViewCell.swift in Sources */,
				F3E6EC3B295BC2DB00C0CD18 /* MRangelEcommerce.xcdatamodeld in Sources */,
				F3C5472129676AC500CAEB45 /* DepartamentoViewModel.swift in Sources */,
				F3BF1B19298070F300F76C78 /* VentaProductoViewModel.swift in Sources */,
			);
			runOnlyForDeploymentPostprocessing = 0;
		};
/* End PBXSourcesBuildPhase section */

/* Begin PBXTargetDependency section */
		F379316E297726890027D7F2 /* PBXTargetDependency */ = {
			isa = PBXTargetDependency;
			target = F3E6EC2C295BC2DB00C0CD18 /* MRangelEcommerce */;
			targetProxy = F379316D297726890027D7F2 /* PBXContainerItemProxy */;
		};
		F379317B297726C30027D7F2 /* PBXTargetDependency */ = {
			isa = PBXTargetDependency;
			target = F3E6EC2C295BC2DB00C0CD18 /* MRangelEcommerce */;
			targetProxy = F379317A297726C30027D7F2 /* PBXContainerItemProxy */;
		};
/* End PBXTargetDependency section */

/* Begin PBXVariantGroup section */
		F3E6EC36295BC2DB00C0CD18 /* Main.storyboard */ = {
			isa = PBXVariantGroup;
			children = (
				F3E6EC37295BC2DB00C0CD18 /* Base */,
			);
			name = Main.storyboard;
			sourceTree = "<group>";
		};
		F3E6EC3E295BC2DC00C0CD18 /* LaunchScreen.storyboard */ = {
			isa = PBXVariantGroup;
			children = (
				F3E6EC3F295BC2DC00C0CD18 /* Base */,
			);
			name = LaunchScreen.storyboard;
			sourceTree = "<group>";
		};
/* End PBXVariantGroup section */

/* Begin XCBuildConfiguration section */
		F3793170297726890027D7F2 /* Debug */ = {
			isa = XCBuildConfiguration;
			buildSettings = {
				CODE_SIGN_STYLE = Automatic;
				CURRENT_PROJECT_VERSION = 1;
				DEVELOPMENT_TEAM = LB82Q2DXR9;
				GENERATE_INFOPLIST_FILE = YES;
				MARKETING_VERSION = 1.0;
				PRODUCT_BUNDLE_IDENTIFIER = com.digis01.MRangelEcommerceUITests;
				PRODUCT_NAME = "$(TARGET_NAME)";
				SWIFT_EMIT_LOC_STRINGS = NO;
				SWIFT_VERSION = 5.0;
				TARGETED_DEVICE_FAMILY = "1,2";
				TEST_TARGET_NAME = MRangelEcommerce;
			};
			name = Debug;
		};
		F3793171297726890027D7F2 /* Release */ = {
			isa = XCBuildConfiguration;
			buildSettings = {
				CODE_SIGN_STYLE = Automatic;
				CURRENT_PROJECT_VERSION = 1;
				DEVELOPMENT_TEAM = LB82Q2DXR9;
				GENERATE_INFOPLIST_FILE = YES;
				MARKETING_VERSION = 1.0;
				PRODUCT_BUNDLE_IDENTIFIER = com.digis01.MRangelEcommerceUITests;
				PRODUCT_NAME = "$(TARGET_NAME)";
				SWIFT_EMIT_LOC_STRINGS = NO;
				SWIFT_VERSION = 5.0;
				TARGETED_DEVICE_FAMILY = "1,2";
				TEST_TARGET_NAME = MRangelEcommerce;
			};
			name = Release;
		};
		F379317D297726C30027D7F2 /* Debug */ = {
			isa = XCBuildConfiguration;
			buildSettings = {
				BUNDLE_LOADER = "$(TEST_HOST)";
				CODE_SIGN_STYLE = Automatic;
				CURRENT_PROJECT_VERSION = 1;
				DEVELOPMENT_TEAM = LB82Q2DXR9;
				GENERATE_INFOPLIST_FILE = YES;
				MARKETING_VERSION = 1.0;
				PRODUCT_BUNDLE_IDENTIFIER = com.digis01.MRangelEcommerceTests;
				PRODUCT_NAME = "$(TARGET_NAME)";
				SWIFT_EMIT_LOC_STRINGS = NO;
				SWIFT_VERSION = 5.0;
				TARGETED_DEVICE_FAMILY = "1,2";
				TEST_HOST = "$(BUILT_PRODUCTS_DIR)/MRangelEcommerce.app/$(BUNDLE_EXECUTABLE_FOLDER_PATH)/MRangelEcommerce";
			};
			name = Debug;
		};
		F379317E297726C30027D7F2 /* Release */ = {
			isa = XCBuildConfiguration;
			buildSettings = {
				BUNDLE_LOADER = "$(TEST_HOST)";
				CODE_SIGN_STYLE = Automatic;
				CURRENT_PROJECT_VERSION = 1;
				DEVELOPMENT_TEAM = LB82Q2DXR9;
				GENERATE_INFOPLIST_FILE = YES;
				MARKETING_VERSION = 1.0;
				PRODUCT_BUNDLE_IDENTIFIER = com.digis01.MRangelEcommerceTests;
				PRODUCT_NAME = "$(TARGET_NAME)";
				SWIFT_EMIT_LOC_STRINGS = NO;
				SWIFT_VERSION = 5.0;
				TARGETED_DEVICE_FAMILY = "1,2";
				TEST_HOST = "$(BUILT_PRODUCTS_DIR)/MRangelEcommerce.app/$(BUNDLE_EXECUTABLE_FOLDER_PATH)/MRangelEcommerce";
			};
			name = Release;
		};
		F3E6EC42295BC2DC00C0CD18 /* Debug */ = {
			isa = XCBuildConfiguration;
			buildSettings = {
				ALWAYS_SEARCH_USER_PATHS = NO;
				CLANG_ANALYZER_NONNULL = YES;
				CLANG_ANALYZER_NUMBER_OBJECT_CONVERSION = YES_AGGRESSIVE;
				CLANG_CXX_LANGUAGE_STANDARD = "gnu++20";
				CLANG_ENABLE_MODULES = YES;
				CLANG_ENABLE_OBJC_ARC = YES;
				CLANG_ENABLE_OBJC_WEAK = YES;
				CLANG_WARN_BLOCK_CAPTURE_AUTORELEASING = YES;
				CLANG_WARN_BOOL_CONVERSION = YES;
				CLANG_WARN_COMMA = YES;
				CLANG_WARN_CONSTANT_CONVERSION = YES;
				CLANG_WARN_DEPRECATED_OBJC_IMPLEMENTATIONS = YES;
				CLANG_WARN_DIRECT_OBJC_ISA_USAGE = YES_ERROR;
				CLANG_WARN_DOCUMENTATION_COMMENTS = YES;
				CLANG_WARN_EMPTY_BODY = YES;
				CLANG_WARN_ENUM_CONVERSION = YES;
				CLANG_WARN_INFINITE_RECURSION = YES;
				CLANG_WARN_INT_CONVERSION = YES;
				CLANG_WARN_NON_LITERAL_NULL_CONVERSION = YES;
				CLANG_WARN_OBJC_IMPLICIT_RETAIN_SELF = YES;
				CLANG_WARN_OBJC_LITERAL_CONVERSION = YES;
				CLANG_WARN_OBJC_ROOT_CLASS = YES_ERROR;
				CLANG_WARN_QUOTED_INCLUDE_IN_FRAMEWORK_HEADER = YES;
				CLANG_WARN_RANGE_LOOP_ANALYSIS = YES;
				CLANG_WARN_STRICT_PROTOTYPES = YES;
				CLANG_WARN_SUSPICIOUS_MOVE = YES;
				CLANG_WARN_UNGUARDED_AVAILABILITY = YES_AGGRESSIVE;
				CLANG_WARN_UNREACHABLE_CODE = YES;
				CLANG_WARN__DUPLICATE_METHOD_MATCH = YES;
				COPY_PHASE_STRIP = NO;
				DEBUG_INFORMATION_FORMAT = "dwarf-with-dsym";
				ENABLE_STRICT_OBJC_MSGSEND = YES;
				ENABLE_TESTABILITY = YES;
				GCC_C_LANGUAGE_STANDARD = gnu11;
				GCC_DYNAMIC_NO_PIC = NO;
				GCC_NO_COMMON_BLOCKS = YES;
				GCC_OPTIMIZATION_LEVEL = 0;
				GCC_PREPROCESSOR_DEFINITIONS = (
					"DEBUG=1",
					"$(inherited)",
				);
				GCC_WARN_64_TO_32_BIT_CONVERSION = YES;
				GCC_WARN_ABOUT_RETURN_TYPE = YES_ERROR;
				GCC_WARN_UNDECLARED_SELECTOR = YES;
				GCC_WARN_UNINITIALIZED_AUTOS = YES_AGGRESSIVE;
				GCC_WARN_UNUSED_FUNCTION = YES;
				GCC_WARN_UNUSED_VARIABLE = YES;
				IPHONEOS_DEPLOYMENT_TARGET = 16.0;
				MTL_ENABLE_DEBUG_INFO = INCLUDE_SOURCE;
				MTL_FAST_MATH = YES;
				ONLY_ACTIVE_ARCH = YES;
				SDKROOT = iphoneos;
				SWIFT_ACTIVE_COMPILATION_CONDITIONS = DEBUG;
				SWIFT_OPTIMIZATION_LEVEL = "-Onone";
			};
			name = Debug;
		};
		F3E6EC43295BC2DC00C0CD18 /* Release */ = {
			isa = XCBuildConfiguration;
			buildSettings = {
				ALWAYS_SEARCH_USER_PATHS = NO;
				CLANG_ANALYZER_NONNULL = YES;
				CLANG_ANALYZER_NUMBER_OBJECT_CONVERSION = YES_AGGRESSIVE;
				CLANG_CXX_LANGUAGE_STANDARD = "gnu++20";
				CLANG_ENABLE_MODULES = YES;
				CLANG_ENABLE_OBJC_ARC = YES;
				CLANG_ENABLE_OBJC_WEAK = YES;
				CLANG_WARN_BLOCK_CAPTURE_AUTORELEASING = YES;
				CLANG_WARN_BOOL_CONVERSION = YES;
				CLANG_WARN_COMMA = YES;
				CLANG_WARN_CONSTANT_CONVERSION = YES;
				CLANG_WARN_DEPRECATED_OBJC_IMPLEMENTATIONS = YES;
				CLANG_WARN_DIRECT_OBJC_ISA_USAGE = YES_ERROR;
				CLANG_WARN_DOCUMENTATION_COMMENTS = YES;
				CLANG_WARN_EMPTY_BODY = YES;
				CLANG_WARN_ENUM_CONVERSION = YES;
				CLANG_WARN_INFINITE_RECURSION = YES;
				CLANG_WARN_INT_CONVERSION = YES;
				CLANG_WARN_NON_LITERAL_NULL_CONVERSION = YES;
				CLANG_WARN_OBJC_IMPLICIT_RETAIN_SELF = YES;
				CLANG_WARN_OBJC_LITERAL_CONVERSION = YES;
				CLANG_WARN_OBJC_ROOT_CLASS = YES_ERROR;
				CLANG_WARN_QUOTED_INCLUDE_IN_FRAMEWORK_HEADER = YES;
				CLANG_WARN_RANGE_LOOP_ANALYSIS = YES;
				CLANG_WARN_STRICT_PROTOTYPES = YES;
				CLANG_WARN_SUSPICIOUS_MOVE = YES;
				CLANG_WARN_UNGUARDED_AVAILABILITY = YES_AGGRESSIVE;
				CLANG_WARN_UNREACHABLE_CODE = YES;
				CLANG_WARN__DUPLICATE_METHOD_MATCH = YES;
				COPY_PHASE_STRIP = NO;
				DEBUG_INFORMATION_FORMAT = "dwarf-with-dsym";
				ENABLE_NS_ASSERTIONS = NO;
				ENABLE_STRICT_OBJC_MSGSEND = YES;
				GCC_C_LANGUAGE_STANDARD = gnu11;
				GCC_NO_COMMON_BLOCKS = YES;
				GCC_WARN_64_TO_32_BIT_CONVERSION = YES;
				GCC_WARN_ABOUT_RETURN_TYPE = YES_ERROR;
				GCC_WARN_UNDECLARED_SELECTOR = YES;
				GCC_WARN_UNINITIALIZED_AUTOS = YES_AGGRESSIVE;
				GCC_WARN_UNUSED_FUNCTION = YES;
				GCC_WARN_UNUSED_VARIABLE = YES;
				IPHONEOS_DEPLOYMENT_TARGET = 16.0;
				MTL_ENABLE_DEBUG_INFO = NO;
				MTL_FAST_MATH = YES;
				SDKROOT = iphoneos;
				SWIFT_COMPILATION_MODE = wholemodule;
				SWIFT_OPTIMIZATION_LEVEL = "-O";
				VALIDATE_PRODUCT = YES;
			};
			name = Release;
		};
		F3E6EC45295BC2DC00C0CD18 /* Debug */ = {
			isa = XCBuildConfiguration;
			baseConfigurationReference = 1D7E34668F62AA08254847B7 /* Pods-MRangelEcommerce.debug.xcconfig */;
			buildSettings = {
				ASSETCATALOG_COMPILER_APPICON_NAME = AppIcon;
				ASSETCATALOG_COMPILER_GLOBAL_ACCENT_COLOR_NAME = AccentColor;
				CODE_SIGN_STYLE = Automatic;
				CURRENT_PROJECT_VERSION = 1;
				DEVELOPMENT_TEAM = LB82Q2DXR9;
				GENERATE_INFOPLIST_FILE = YES;
				INFOPLIST_FILE = MRangelEcommerce/Info.plist;
				INFOPLIST_KEY_UIApplicationSupportsIndirectInputEvents = YES;
				INFOPLIST_KEY_UILaunchStoryboardName = LaunchScreen;
				INFOPLIST_KEY_UIMainStoryboardFile = Main;
				INFOPLIST_KEY_UISupportedInterfaceOrientations_iPad = "UIInterfaceOrientationPortrait UIInterfaceOrientationPortraitUpsideDown UIInterfaceOrientationLandscapeLeft UIInterfaceOrientationLandscapeRight";
				INFOPLIST_KEY_UISupportedInterfaceOrientations_iPhone = "UIInterfaceOrientationPortrait UIInterfaceOrientationLandscapeLeft UIInterfaceOrientationLandscapeRight";
				LD_RUNPATH_SEARCH_PATHS = (
					"$(inherited)",
					"@executable_path/Frameworks",
				);
				MARKETING_VERSION = 1.0;
				PRODUCT_BUNDLE_IDENTIFIER = com.digis01.MRangelEcommerce;
				PRODUCT_NAME = "$(TARGET_NAME)";
				SWIFT_EMIT_LOC_STRINGS = YES;
				SWIFT_VERSION = 5.0;
				TARGETED_DEVICE_FAMILY = "1,2";
			};
			name = Debug;
		};
		F3E6EC46295BC2DC00C0CD18 /* Release */ = {
			isa = XCBuildConfiguration;
			baseConfigurationReference = BD4A42EF604324CAD10FBB98 /* Pods-MRangelEcommerce.release.xcconfig */;
			buildSettings = {
				ASSETCATALOG_COMPILER_APPICON_NAME = AppIcon;
				ASSETCATALOG_COMPILER_GLOBAL_ACCENT_COLOR_NAME = AccentColor;
				CODE_SIGN_STYLE = Automatic;
				CURRENT_PROJECT_VERSION = 1;
				DEVELOPMENT_TEAM = LB82Q2DXR9;
				GENERATE_INFOPLIST_FILE = YES;
				INFOPLIST_FILE = MRangelEcommerce/Info.plist;
				INFOPLIST_KEY_UIApplicationSupportsIndirectInputEvents = YES;
				INFOPLIST_KEY_UILaunchStoryboardName = LaunchScreen;
				INFOPLIST_KEY_UIMainStoryboardFile = Main;
				INFOPLIST_KEY_UISupportedInterfaceOrientations_iPad = "UIInterfaceOrientationPortrait UIInterfaceOrientationPortraitUpsideDown UIInterfaceOrientationLandscapeLeft UIInterfaceOrientationLandscapeRight";
				INFOPLIST_KEY_UISupportedInterfaceOrientations_iPhone = "UIInterfaceOrientationPortrait UIInterfaceOrientationLandscapeLeft UIInterfaceOrientationLandscapeRight";
				LD_RUNPATH_SEARCH_PATHS = (
					"$(inherited)",
					"@executable_path/Frameworks",
				);
				MARKETING_VERSION = 1.0;
				PRODUCT_BUNDLE_IDENTIFIER = com.digis01.MRangelEcommerce;
				PRODUCT_NAME = "$(TARGET_NAME)";
				SWIFT_EMIT_LOC_STRINGS = YES;
				SWIFT_VERSION = 5.0;
				TARGETED_DEVICE_FAMILY = "1,2";
			};
			name = Release;
		};
/* End XCBuildConfiguration section */

/* Begin XCConfigurationList section */
		F379316F297726890027D7F2 /* Build configuration list for PBXNativeTarget "MRangelEcommerceUITests" */ = {
			isa = XCConfigurationList;
			buildConfigurations = (
				F3793170297726890027D7F2 /* Debug */,
				F3793171297726890027D7F2 /* Release */,
			);
			defaultConfigurationIsVisible = 0;
			defaultConfigurationName = Release;
		};
		F379317C297726C30027D7F2 /* Build configuration list for PBXNativeTarget "MRangelEcommerceTests" */ = {
			isa = XCConfigurationList;
			buildConfigurations = (
				F379317D297726C30027D7F2 /* Debug */,
				F379317E297726C30027D7F2 /* Release */,
			);
			defaultConfigurationIsVisible = 0;
			defaultConfigurationName = Release;
		};
		F3E6EC28295BC2DB00C0CD18 /* Build configuration list for PBXProject "MRangelEcommerce" */ = {
			isa = XCConfigurationList;
			buildConfigurations = (
				F3E6EC42295BC2DC00C0CD18 /* Debug */,
				F3E6EC43295BC2DC00C0CD18 /* Release */,
			);
			defaultConfigurationIsVisible = 0;
			defaultConfigurationName = Release;
		};
		F3E6EC44295BC2DC00C0CD18 /* Build configuration list for PBXNativeTarget "MRangelEcommerce" */ = {
			isa = XCConfigurationList;
			buildConfigurations = (
				F3E6EC45295BC2DC00C0CD18 /* Debug */,
				F3E6EC46295BC2DC00C0CD18 /* Release */,
			);
			defaultConfigurationIsVisible = 0;
			defaultConfigurationName = Release;
		};
/* End XCConfigurationList section */

/* Begin XCRemoteSwiftPackageReference section */
		F33109292970DD79008C278E /* XCRemoteSwiftPackageReference "firebase-ios-sdk" */ = {
			isa = XCRemoteSwiftPackageReference;
			repositoryURL = "https://github.com/firebase/firebase-ios-sdk";
			requirement = {
				kind = upToNextMajorVersion;
				minimumVersion = 9.0.0;
			};
		};
/* End XCRemoteSwiftPackageReference section */

/* Begin XCSwiftPackageProductDependency section */
		F331092A2970DD79008C278E /* FirebaseAuth */ = {
			isa = XCSwiftPackageProductDependency;
			package = F33109292970DD79008C278E /* XCRemoteSwiftPackageReference "firebase-ios-sdk" */;
			productName = FirebaseAuth;
		};
		F3D3980E2979F74E005A8806 /* FirebaseCrashlytics */ = {
			isa = XCSwiftPackageProductDependency;
			package = F33109292970DD79008C278E /* XCRemoteSwiftPackageReference "firebase-ios-sdk" */;
			productName = FirebaseCrashlytics;
		};
/* End XCSwiftPackageProductDependency section */

/* Begin XCVersionGroup section */
		F3E6EC39295BC2DB00C0CD18 /* MRangelEcommerce.xcdatamodeld */ = {
			isa = XCVersionGroup;
			children = (
				F3E6EC3A295BC2DB00C0CD18 /* MRangelEcommerce.xcdatamodel */,
			);
			currentVersion = F3E6EC3A295BC2DB00C0CD18 /* MRangelEcommerce.xcdatamodel */;
			path = MRangelEcommerce.xcdatamodeld;
			sourceTree = "<group>";
			versionGroupType = wrapper.xcdatamodel;
		};
/* End XCVersionGroup section */
	};
	rootObject = F3E6EC25295BC2DB00C0CD18 /* Project object */;
}
